# Generated by move; do not edit
# This file should be checked in.

[move]
version = 4

[pinned.testnet.MoveStdlib]
source = { git = "https://github.com/MystenLabs/sui.git", subdir = "crates/sui-framework/packages/move-stdlib", rev = "b979a730b73afb8e5f9a9672fa7b09afbff6479b" }
use_environment = "testnet"
manifest_digest = "C4FE4C91DE74CBF223B2E380AE40F592177D21870DC2D7EB6227D2D694E05363"
deps = {}

[pinned.testnet.MoveStdlib_1]
source = { git = "https://github.com/MystenLabs/sui.git", subdir = "crates/sui-framework/packages/move-stdlib", rev = "16bf4d124ac5d9fbe9314552d02cfdf55e30d377" }
use_environment = "testnet"
manifest_digest = "C4FE4C91DE74CBF223B2E380AE40F592177D21870DC2D7EB6227D2D694E05363"
deps = {}

[pinned.testnet.Sui]
source = { git = "https://github.com/MystenLabs/sui.git", subdir = "crates/sui-framework/packages/sui-framework", rev = "b979a730b73afb8e5f9a9672fa7b09afbff6479b" }
use_environment = "testnet"
manifest_digest = "7AFB66695545775FBFBB2D3078ADFD084244D5002392E837FDE21D9EA1C6D01C"
deps = { MoveStdlib = "MoveStdlib" }

[pinned.testnet.Sui_1]
source = { git = "https://github.com/MystenLabs/sui.git", subdir = "crates/sui-framework/packages/sui-framework", rev = "16bf4d124ac5d9fbe9314552d02cfdf55e30d377" }
use_environment = "testnet"
manifest_digest = "7AFB66695545775FBFBB2D3078ADFD084244D5002392E837FDE21D9EA1C6D01C"
deps = { MoveStdlib = "MoveStdlib_1" }

[pinned.testnet.WAL]
source = { git = "https://github.com/MystenLabs/walrus.git", subdir = "contracts/wal", rev = "c67f96f64466ae1e7ef8fc2e20347ea6ddec3025" }
use_environment = "testnet"
manifest_digest = "4BEB20189E6CABAC58EC8977FD71B0357247757B9B01E8FFDB134755984A317B"
deps = { Sui = "Sui_1" }

[pinned.testnet.Walrus]
source = { git = "https://github.com/MystenLabs/walrus.git", subdir = "contracts/walrus", rev = "c67f96f64466ae1e7ef8fc2e20347ea6ddec3025" }
use_environment = "testnet"
manifest_digest = "BF87B108C377B4EED4B0C1F0CB6D816B6ABA4B65A0CA7D1E3ABA74C4583064CE"
deps = { Sui = "Sui_1", WAL = "WAL" }

[pinned.testnet.auto_renewal]
source = { root = true }
use_environment = "testnet"
manifest_digest = "FC8F5997E29DC25766DE8533C254E60F98938A7E0E74104B9A398C442E942CCD"
deps = { std = "MoveStdlib", sui = "Sui", wal = "WAL", walrus = "Walrus" }
